
Microsoft Visual Studio Solution File, Format Version 12.00
# Visual Studio Version 17
VisualStudioVersion = 17.0.31903.59
MinimumVisualStudioVersion = 10.0.40219.1
Project("{FAE04EC0-301F-11D3-BF4B-00C04F79EFBC}") = "WebApp", "WebApp\WebApp.csproj", "{24F33F38-911B-4275-91F4-45E969CC3661}"
EndProject
Project("{2150E333-8FDC-42A3-9474-1A3956D46DE8}") = "BuildingBlocks", "BuildingBlocks", "{7266C4A9-E384-DC00-0EB6-47F6002CFBA7}"
EndProject
Project("{FAE04EC0-301F-11D3-BF4B-00C04F79EFBC}") = "BuildingBlocks.Domain", "BuildingBlocks\Domain\BuildingBlocks.Domain.csproj", "{4F35A913-A156-427F-81F3-FB9076D77BD3}"
EndProject
Project("{FAE04EC0-301F-11D3-BF4B-00C04F79EFBC}") = "BuildingBlocks.Application", "BuildingBlocks\Application\BuildingBlocks.Application.csproj", "{56B1DD41-D47C-4F88-83B4-3640984EB989}"
EndProject
Project("{FAE04EC0-301F-11D3-BF4B-00C04F79EFBC}") = "BuildingBlocks.Infrastructure", "BuildingBlocks\Infrastructure\BuildingBlocks.Infrastructure.csproj", "{556A52E4-6928-4E9F-8F5F-33EC5FE2F79A}"
EndProject
Project("{2150E333-8FDC-42A3-9474-1A3956D46DE8}") = "Modules", "Modules", "{CA253913-39DE-BFD0-C9A3-4B7EC6FBDF17}"
EndProject
Project("{2150E333-8FDC-42A3-9474-1A3956D46DE8}") = "IAM", "IAM", "{72C2D04C-5FC2-0CC9-FCAC-D49F05C8E0E5}"
EndProject
Project("{FAE04EC0-301F-11D3-BF4B-00C04F79EFBC}") = "Modules.IAM.Application", "Modules\IAM\Application\Modules.IAM.Application.csproj", "{51398A9D-E613-4386-BF95-3A3DF655EC0B}"
EndProject
Project("{FAE04EC0-301F-11D3-BF4B-00C04F79EFBC}") = "Modules.IAM.Domain", "Modules\IAM\Domain\Modules.IAM.Domain.csproj", "{B578E8A4-9C72-4596-B6D7-11B4CF50D690}"
EndProject
Project("{FAE04EC0-301F-11D3-BF4B-00C04F79EFBC}") = "Modules.IAM.Infrastructure", "Modules\IAM\Infrastructure\Modules.IAM.Infrastructure.csproj", "{774F14F2-FECC-4E67-AFDE-3A4D5E50CB13}"
EndProject
Global
	GlobalSection(SolutionConfigurationPlatforms) = preSolution
		Debug|Any CPU = Debug|Any CPU
		Debug|x64 = Debug|x64
		Debug|x86 = Debug|x86
		Release|Any CPU = Release|Any CPU
		Release|x64 = Release|x64
		Release|x86 = Release|x86
	EndGlobalSection
	GlobalSection(ProjectConfigurationPlatforms) = postSolution
		{24F33F38-911B-4275-91F4-45E969CC3661}.Debug|Any CPU.ActiveCfg = Debug|Any CPU
		{24F33F38-911B-4275-91F4-45E969CC3661}.Debug|Any CPU.Build.0 = Debug|Any CPU
		{24F33F38-911B-4275-91F4-45E969CC3661}.Debug|x64.ActiveCfg = Debug|Any CPU
		{24F33F38-911B-4275-91F4-45E969CC3661}.Debug|x64.Build.0 = Debug|Any CPU
		{24F33F38-911B-4275-91F4-45E969CC3661}.Debug|x86.ActiveCfg = Debug|Any CPU
		{24F33F38-911B-4275-91F4-45E969CC3661}.Debug|x86.Build.0 = Debug|Any CPU
		{24F33F38-911B-4275-91F4-45E969CC3661}.Release|Any CPU.ActiveCfg = Release|Any CPU
		{24F33F38-911B-4275-91F4-45E969CC3661}.Release|Any CPU.Build.0 = Release|Any CPU
		{24F33F38-911B-4275-91F4-45E969CC3661}.Release|x64.ActiveCfg = Release|Any CPU
		{24F33F38-911B-4275-91F4-45E969CC3661}.Release|x64.Build.0 = Release|Any CPU
		{24F33F38-911B-4275-91F4-45E969CC3661}.Release|x86.ActiveCfg = Release|Any CPU
		{24F33F38-911B-4275-91F4-45E969CC3661}.Release|x86.Build.0 = Release|Any CPU
		{4F35A913-A156-427F-81F3-FB9076D77BD3}.Debug|Any CPU.ActiveCfg = Debug|Any CPU
		{4F35A913-A156-427F-81F3-FB9076D77BD3}.Debug|Any CPU.Build.0 = Debug|Any CPU
		{4F35A913-A156-427F-81F3-FB9076D77BD3}.Debug|x64.ActiveCfg = Debug|Any CPU
		{4F35A913-A156-427F-81F3-FB9076D77BD3}.Debug|x64.Build.0 = Debug|Any CPU
		{4F35A913-A156-427F-81F3-FB9076D77BD3}.Debug|x86.ActiveCfg = Debug|Any CPU
		{4F35A913-A156-427F-81F3-FB9076D77BD3}.Debug|x86.Build.0 = Debug|Any CPU
		{4F35A913-A156-427F-81F3-FB9076D77BD3}.Release|Any CPU.ActiveCfg = Release|Any CPU
		{4F35A913-A156-427F-81F3-FB9076D77BD3}.Release|Any CPU.Build.0 = Release|Any CPU
		{4F35A913-A156-427F-81F3-FB9076D77BD3}.Release|x64.ActiveCfg = Release|Any CPU
		{4F35A913-A156-427F-81F3-FB9076D77BD3}.Release|x64.Build.0 = Release|Any CPU
		{4F35A913-A156-427F-81F3-FB9076D77BD3}.Release|x86.ActiveCfg = Release|Any CPU
		{4F35A913-A156-427F-81F3-FB9076D77BD3}.Release|x86.Build.0 = Release|Any CPU
		{56B1DD41-D47C-4F88-83B4-3640984EB989}.Debug|Any CPU.ActiveCfg = Debug|Any CPU
		{56B1DD41-D47C-4F88-83B4-3640984EB989}.Debug|Any CPU.Build.0 = Debug|Any CPU
		{56B1DD41-D47C-4F88-83B4-3640984EB989}.Debug|x64.ActiveCfg = Debug|Any CPU
		{56B1DD41-D47C-4F88-83B4-3640984EB989}.Debug|x64.Build.0 = Debug|Any CPU
		{56B1DD41-D47C-4F88-83B4-3640984EB989}.Debug|x86.ActiveCfg = Debug|Any CPU
		{56B1DD41-D47C-4F88-83B4-3640984EB989}.Debug|x86.Build.0 = Debug|Any CPU
		{56B1DD41-D47C-4F88-83B4-3640984EB989}.Release|Any CPU.ActiveCfg = Release|Any CPU
		{56B1DD41-D47C-4F88-83B4-3640984EB989}.Release|Any CPU.Build.0 = Release|Any CPU
		{56B1DD41-D47C-4F88-83B4-3640984EB989}.Release|x64.ActiveCfg = Release|Any CPU
		{56B1DD41-D47C-4F88-83B4-3640984EB989}.Release|x64.Build.0 = Release|Any CPU
		{56B1DD41-D47C-4F88-83B4-3640984EB989}.Release|x86.ActiveCfg = Release|Any CPU
		{56B1DD41-D47C-4F88-83B4-3640984EB989}.Release|x86.Build.0 = Release|Any CPU
		{556A52E4-6928-4E9F-8F5F-33EC5FE2F79A}.Debug|Any CPU.ActiveCfg = Debug|Any CPU
		{556A52E4-6928-4E9F-8F5F-33EC5FE2F79A}.Debug|Any CPU.Build.0 = Debug|Any CPU
		{556A52E4-6928-4E9F-8F5F-33EC5FE2F79A}.Debug|x64.ActiveCfg = Debug|Any CPU
		{556A52E4-6928-4E9F-8F5F-33EC5FE2F79A}.Debug|x64.Build.0 = Debug|Any CPU
		{556A52E4-6928-4E9F-8F5F-33EC5FE2F79A}.Debug|x86.ActiveCfg = Debug|Any CPU
		{556A52E4-6928-4E9F-8F5F-33EC5FE2F79A}.Debug|x86.Build.0 = Debug|Any CPU
		{556A52E4-6928-4E9F-8F5F-33EC5FE2F79A}.Release|Any CPU.ActiveCfg = Release|Any CPU
		{556A52E4-6928-4E9F-8F5F-33EC5FE2F79A}.Release|Any CPU.Build.0 = Release|Any CPU
		{556A52E4-6928-4E9F-8F5F-33EC5FE2F79A}.Release|x64.ActiveCfg = Release|Any CPU
		{556A52E4-6928-4E9F-8F5F-33EC5FE2F79A}.Release|x64.Build.0 = Release|Any CPU
		{556A52E4-6928-4E9F-8F5F-33EC5FE2F79A}.Release|x86.ActiveCfg = Release|Any CPU
		{556A52E4-6928-4E9F-8F5F-33EC5FE2F79A}.Release|x86.Build.0 = Release|Any CPU
		{51398A9D-E613-4386-BF95-3A3DF655EC0B}.Debug|Any CPU.ActiveCfg = Debug|Any CPU
		{51398A9D-E613-4386-BF95-3A3DF655EC0B}.Debug|Any CPU.Build.0 = Debug|Any CPU
		{51398A9D-E613-4386-BF95-3A3DF655EC0B}.Debug|x64.ActiveCfg = Debug|Any CPU
		{51398A9D-E613-4386-BF95-3A3DF655EC0B}.Debug|x64.Build.0 = Debug|Any CPU
		{51398A9D-E613-4386-BF95-3A3DF655EC0B}.Debug|x86.ActiveCfg = Debug|Any CPU
		{51398A9D-E613-4386-BF95-3A3DF655EC0B}.Debug|x86.Build.0 = Debug|Any CPU
		{51398A9D-E613-4386-BF95-3A3DF655EC0B}.Release|Any CPU.ActiveCfg = Release|Any CPU
		{51398A9D-E613-4386-BF95-3A3DF655EC0B}.Release|Any CPU.Build.0 = Release|Any CPU
		{51398A9D-E613-4386-BF95-3A3DF655EC0B}.Release|x64.ActiveCfg = Release|Any CPU
		{51398A9D-E613-4386-BF95-3A3DF655EC0B}.Release|x64.Build.0 = Release|Any CPU
		{51398A9D-E613-4386-BF95-3A3DF655EC0B}.Release|x86.ActiveCfg = Release|Any CPU
		{51398A9D-E613-4386-BF95-3A3DF655EC0B}.Release|x86.Build.0 = Release|Any CPU
		{B578E8A4-9C72-4596-B6D7-11B4CF50D690}.Debug|Any CPU.ActiveCfg = Debug|Any CPU
		{B578E8A4-9C72-4596-B6D7-11B4CF50D690}.Debug|Any CPU.Build.0 = Debug|Any CPU
		{B578E8A4-9C72-4596-B6D7-11B4CF50D690}.Debug|x64.ActiveCfg = Debug|Any CPU
		{B578E8A4-9C72-4596-B6D7-11B4CF50D690}.Debug|x64.Build.0 = Debug|Any CPU
		{B578E8A4-9C72-4596-B6D7-11B4CF50D690}.Debug|x86.ActiveCfg = Debug|Any CPU
		{B578E8A4-9C72-4596-B6D7-11B4CF50D690}.Debug|x86.Build.0 = Debug|Any CPU
		{B578E8A4-9C72-4596-B6D7-11B4CF50D690}.Release|Any CPU.ActiveCfg = Release|Any CPU
		{B578E8A4-9C72-4596-B6D7-11B4CF50D690}.Release|Any CPU.Build.0 = Release|Any CPU
		{B578E8A4-9C72-4596-B6D7-11B4CF50D690}.Release|x64.ActiveCfg = Release|Any CPU
		{B578E8A4-9C72-4596-B6D7-11B4CF50D690}.Release|x64.Build.0 = Release|Any CPU
		{B578E8A4-9C72-4596-B6D7-11B4CF50D690}.Release|x86.ActiveCfg = Release|Any CPU
		{B578E8A4-9C72-4596-B6D7-11B4CF50D690}.Release|x86.Build.0 = Release|Any CPU
		{774F14F2-FECC-4E67-AFDE-3A4D5E50CB13}.Debug|Any CPU.ActiveCfg = Debug|Any CPU
		{774F14F2-FECC-4E67-AFDE-3A4D5E50CB13}.Debug|Any CPU.Build.0 = Debug|Any CPU
		{774F14F2-FECC-4E67-AFDE-3A4D5E50CB13}.Debug|x64.ActiveCfg = Debug|Any CPU
		{774F14F2-FECC-4E67-AFDE-3A4D5E50CB13}.Debug|x64.Build.0 = Debug|Any CPU
		{774F14F2-FECC-4E67-AFDE-3A4D5E50CB13}.Debug|x86.ActiveCfg = Debug|Any CPU
		{774F14F2-FECC-4E67-AFDE-3A4D5E50CB13}.Debug|x86.Build.0 = Debug|Any CPU
		{774F14F2-FECC-4E67-AFDE-3A4D5E50CB13}.Release|Any CPU.ActiveCfg = Release|Any CPU
		{774F14F2-FECC-4E67-AFDE-3A4D5E50CB13}.Release|Any CPU.Build.0 = Release|Any CPU
		{774F14F2-FECC-4E67-AFDE-3A4D5E50CB13}.Release|x64.ActiveCfg = Release|Any CPU
		{774F14F2-FECC-4E67-AFDE-3A4D5E50CB13}.Release|x64.Build.0 = Release|Any CPU
		{774F14F2-FECC-4E67-AFDE-3A4D5E50CB13}.Release|x86.ActiveCfg = Release|Any CPU
		{774F14F2-FECC-4E67-AFDE-3A4D5E50CB13}.Release|x86.Build.0 = Release|Any CPU
	EndGlobalSection
	GlobalSection(SolutionProperties) = preSolution
		HideSolutionNode = FALSE
	EndGlobalSection
	GlobalSection(NestedProjects) = preSolution
		{4F35A913-A156-427F-81F3-FB9076D77BD3} = {7266C4A9-E384-DC00-0EB6-47F6002CFBA7}
		{56B1DD41-D47C-4F88-83B4-3640984EB989} = {7266C4A9-E384-DC00-0EB6-47F6002CFBA7}
		{556A52E4-6928-4E9F-8F5F-33EC5FE2F79A} = {7266C4A9-E384-DC00-0EB6-47F6002CFBA7}
		{72C2D04C-5FC2-0CC9-FCAC-D49F05C8E0E5} = {CA253913-39DE-BFD0-C9A3-4B7EC6FBDF17}
		{51398A9D-E613-4386-BF95-3A3DF655EC0B} = {72C2D04C-5FC2-0CC9-FCAC-D49F05C8E0E5}
		{B578E8A4-9C72-4596-B6D7-11B4CF50D690} = {72C2D04C-5FC2-0CC9-FCAC-D49F05C8E0E5}
		{774F14F2-FECC-4E67-AFDE-3A4D5E50CB13} = {72C2D04C-5FC2-0CC9-FCAC-D49F05C8E0E5}
	EndGlobalSection
EndGlobal
